{
  "name": "ifct2017",
  "version": "0.2.6",
  "lockfileVersion": 1,
  "requires": true,
  "dependencies": {
    "@ifct2017/abbreviations": {
      "version": "0.3.2",
      "resolved": "https://registry.npmjs.org/@ifct2017/abbreviations/-/abbreviations-0.3.2.tgz",
      "integrity": "sha512-reqe/hNxLiITz4NO6Js5jsJNAFhnE9Sf+wMEAB0K2ywnH5KRn+kQG1fbv8rY3xK4vBxii0WFKgZoqk2Pmlvwjw==",
      "requires": {
        "sql-extra": "^0.1.7"
      }
    },
    "@ifct2017/about": {
      "version": "0.2.1",
      "resolved": "https://registry.npmjs.org/@ifct2017/about/-/about-0.2.1.tgz",
      "integrity": "sha512-xrWbSlODDztzkvW5t8qEm0893nIMaP6Z3GrtqBBxnm9VfhAuLux4FsR5TCTVRl2GtFIYeF4KCE5f0iKOkLU9ww=="
    },
    "@ifct2017/carbohydrates": {
      "version": "0.3.6",
      "resolved": "https://registry.npmjs.org/@ifct2017/carbohydrates/-/carbohydrates-0.3.6.tgz",
      "integrity": "sha512-Sv+5bOPfUnwzK0KC9jnoORmgfl34LKgO0BtiEugfUg1fj/NjKCPj+4gYi2nKB+GViX+KhINTFd58pNLy/zmdGw==",
      "requires": {
        "lunr": "^2.2.1",
        "sql-extra": "^0.1.7"
      }
    },
    "@ifct2017/codes": {
      "version": "0.3.1",
      "resolved": "https://registry.npmjs.org/@ifct2017/codes/-/codes-0.3.1.tgz",
      "integrity": "sha512-axohaPOfH5zFCpX2WcYcq+ASnPuMoKaZ2/IdNIkGouSHSRPr4RMsn+FSjb45HAA8RhVC4G0iFFvJJSiuImrnQQ==",
      "requires": {
        "csv-parse": "^2.4.0",
        "lunr": "^2.2.1",
        "sql-extra": "^0.1.7"
      }
    },
    "@ifct2017/columns": {
      "version": "0.3.2",
      "resolved": "https://registry.npmjs.org/@ifct2017/columns/-/columns-0.3.2.tgz",
      "integrity": "sha512-2Viady8eL1Dc9d51Z1NCjounvKm+AjewUKBxnVaIDVWLmTSpjLCnhnkXAAgisiI7qoNQRC+Fm1XhmumFj8CA+A==",
      "requires": {
        "lunr": "^2.2.1",
        "sql-extra": "^0.1.7"
      }
    },
    "@ifct2017/compositingcentres": {
      "version": "0.3.2",
      "resolved": "https://registry.npmjs.org/@ifct2017/compositingcentres/-/compositingcentres-0.3.2.tgz",
      "integrity": "sha512-Jr2FwODsyyTzqChUt+k0CXBc7SHYtSyvnUu5PUqhtl55m/En+0/OETveDODzfLUBx5qtyRq0HMVtjvxbd10IUA==",
      "requires": {
        "lunr": "^2.2.1",
        "sql-extra": "^0.1.7"
      }
    },
    "@ifct2017/compositions": {
      "version": "0.3.3",
      "resolved": "https://registry.npmjs.org/@ifct2017/compositions/-/compositions-0.3.3.tgz",
      "integrity": "sha512-OpEJKkT0s9+o27ZMeH5U++emxrReMLzPvi+2J2V/kZSEF0D8dLNgFf8aKA68xbMi98JSMGxH+nsSet+4dZqCAQ==",
      "requires": {
        "csv-parse": "^2.5.0",
        "lunr": "^2.2.1",
        "sql-extra": "^0.1.13"
      }
    },
    "@ifct2017/contents": {
      "version": "0.3.2",
      "resolved": "https://registry.npmjs.org/@ifct2017/contents/-/contents-0.3.2.tgz",
      "integrity": "sha512-EF8rPk5shW4PJ+iTHdRXGqOM0srf3Gf6RYIp9KkUHfjgoBpmuRRjTnbD4w08mRRyjTQM4nfhtxqrszT2mZngCQ==",
      "requires": {
        "lunr": "^2.2.1",
        "sql-extra": "^0.1.7"
      }
    },
    "@ifct2017/descriptions": {
      "version": "0.3.8",
      "resolved": "https://registry.npmjs.org/@ifct2017/descriptions/-/descriptions-0.3.8.tgz",
      "integrity": "sha512-ofOzc2ex2KUbRSNFwCwMj6R79a62AtcQ1WF7+CUOHVsDuoLRwz8aHJkmlhyrVHbSBCnatqtSAGc9PPO3ft8jgw==",
      "requires": {
        "csv-parse": "^2.5.0",
        "lunr": "^2.2.1",
        "sql-extra": "^0.1.13"
      }
    },
    "@ifct2017/energies": {
      "version": "0.3.2",
      "resolved": "https://registry.npmjs.org/@ifct2017/energies/-/energies-0.3.2.tgz",
      "integrity": "sha512-U+VVyDz5zNVHelaXHTLE3LIIlmWqrN77ziJm+N0QScBGKwq+cEi8ArzP8I2bVMGmFPKeIYLdjAVfP/yJlmJKJg==",
      "requires": {
        "lunr": "^2.2.1",
        "sql-extra": "^0.1.7"
      }
    },
    "@ifct2017/frequencydistribution": {
      "version": "0.3.2",
      "resolved": "https://registry.npmjs.org/@ifct2017/frequencydistribution/-/frequencydistribution-0.3.2.tgz",
      "integrity": "sha512-rkayt4FEGgtv7/5TGf6Mqv+qCpmfaSDd0Du4zsc+C+xaV3GGNx1x1358zJkdV8oZWmZIl8672kIzXlWzlPsuMA==",
      "requires": {
        "sql-extra": "^0.1.7"
      }
    },
    "@ifct2017/groups": {
      "version": "0.3.4",
      "resolved": "https://registry.npmjs.org/@ifct2017/groups/-/groups-0.3.4.tgz",
      "integrity": "sha512-q0b1wl23u1vLUFtz5+JGZiK+lnpYZE3aAEXPjou8OvomYSd3VIpQmmJ+bgdXY6Ys0S5w6GfencIm0TjAZ+PHjA==",
      "requires": {
        "lunr": "^2.2.1",
        "sql-extra": "^0.1.8"
      }
    },
    "@ifct2017/jonesfactors": {
      "version": "0.3.3",
      "resolved": "https://registry.npmjs.org/@ifct2017/jonesfactors/-/jonesfactors-0.3.3.tgz",
      "integrity": "sha512-J0hfxKS3jrF+vIBpsEldrGqTW+Xz4AJf8n8h0jO0tlFmdVbRIed7OlJCPAx6AlaDPdoXIeuXcPXs+Bd9ymZYUA==",
      "requires": {
        "lunr": "^2.2.1",
        "sql-extra": "^0.1.7"
      }
    },
    "@ifct2017/languages": {
      "version": "0.3.3",
      "resolved": "https://registry.npmjs.org/@ifct2017/languages/-/languages-0.3.3.tgz",
      "integrity": "sha512-3eRmHcgqGiB+nHVuisggP+4nQR4gwpXU/D941LgvV4p7/GrNh3Jys4vNoLOZZBBgO659ExSKE/qPhxtr8FN+Fg==",
      "requires": {
        "sql-extra": "^0.1.7"
      }
    },
    "@ifct2017/methods": {
      "version": "0.3.2",
      "resolved": "https://registry.npmjs.org/@ifct2017/methods/-/methods-0.3.2.tgz",
      "integrity": "sha512-CCBj9QQEQ6DuXdhzUJv3t9e1w+IWMWeJX7nplscWp+F1gaiOT0u8UWUFflFVfBTRuC9vJhmRuhS5gIc7Zv18XQ==",
      "requires": {
        "@ifct2017/columns": "^0.2.4",
        "sql-extra": "^0.1.7"
      },
      "dependencies": {
        "@ifct2017/columns": {
          "version": "0.2.4",
          "resolved": "https://registry.npmjs.org/@ifct2017/columns/-/columns-0.2.4.tgz",
          "integrity": "sha512-raIIZ1FFML1tn347jhWxsFksL8yp2AWiKcrbu/6dxIa1w4uy/mD34g/hzGj9t+x5JILZ5kCL9HlDh6ZMfihn9A==",
          "requires": {
            "lunr": "^2.1.6",
            "sql-extra": "^0.1.3"
          }
        }
      }
    },
    "@ifct2017/nutrients": {
      "version": "0.3.1",
      "resolved": "https://registry.npmjs.org/@ifct2017/nutrients/-/nutrients-0.3.1.tgz",
      "integrity": "sha512-L9DnCwjNe7tMhByIiB1gEJisnfIvUgj0zATsI3a3e6wtFy993yBuAmRm/61cYuLWfkqJnMJbgS/XQHg+vBB/XQ==",
      "requires": {
        "@ifct2017/columns": "^0.2.4"
      },
      "dependencies": {
        "@ifct2017/columns": {
          "version": "0.2.4",
          "resolved": "https://registry.npmjs.org/@ifct2017/columns/-/columns-0.2.4.tgz",
          "integrity": "sha512-raIIZ1FFML1tn347jhWxsFksL8yp2AWiKcrbu/6dxIa1w4uy/mD34g/hzGj9t+x5JILZ5kCL9HlDh6ZMfihn9A==",
          "requires": {
            "lunr": "^2.1.6",
            "sql-extra": "^0.1.3"
          }
        }
      }
    },
    "@ifct2017/pictures": {
      "version": "0.2.3",
      "resolved": "https://registry.npmjs.org/@ifct2017/pictures/-/pictures-0.2.3.tgz",
      "integrity": "sha512-ZE5Vjc4F7bldvq70Fv8LX/2ecp0sQYsh5WpuMNm7k2VWXPJ+B6l0GaGPVfkjhSq6PIVjWWQwThabnWJY0YQO/Q=="
    },
    "@ifct2017/regions": {
      "version": "0.3.2",
      "resolved": "https://registry.npmjs.org/@ifct2017/regions/-/regions-0.3.2.tgz",
      "integrity": "sha512-Tae25oSy1q5N0vSE4PkR8HuGGbKvI5jm9vLnRf9I/5IlRUW1GDwPd6OGm4CBCU/LHFu6ot+R/6uvAGJBby5nrw==",
      "requires": {
        "lunr": "^2.2.1",
        "sql-extra": "^0.1.7"
      }
    },
    "@ifct2017/samplingunits": {
      "version": "0.3.2",
      "resolved": "https://registry.npmjs.org/@ifct2017/samplingunits/-/samplingunits-0.3.2.tgz",
      "integrity": "sha512-6dAE0Y87YggtgbHbeiy90jWQioHrbzvrTbqy5zXCljtZQaFMQWcI7IqmtoyQVG2A4fivuv8I7LP3ALvodngSlg==",
      "requires": {
        "lunr": "^2.2.1",
        "sql-extra": "^0.1.7"
      }
    },
    "csv-parse": {
      "version": "2.5.0",
      "resolved": "https://registry.npmjs.org/csv-parse/-/csv-parse-2.5.0.tgz",
      "integrity": "sha512-4OcjOJQByI0YDU5COYw9HAqjo8/MOLLmT9EKyMCXUzgvh30vS1SlMK+Ho84IH5exN44cSnrYecw/7Zpu2m4lkA=="
    },
    "lunr": {
      "version": "2.2.1",
      "resolved": "https://registry.npmjs.org/lunr/-/lunr-2.2.1.tgz",
      "integrity": "sha1-YsYpR7+DYZRQ6Uq/JgYfHOO6qkc="
    },
    "sql-extra": {
      "version": "0.1.13",
      "resolved": "https://registry.npmjs.org/sql-extra/-/sql-extra-0.1.13.tgz",
      "integrity": "sha512-TRuGNJPX7gMdNZFLkUZADtK7Lmqq1zeXf+56Mkj7XP8xCqm+jcFE80B94BsGXVNkdIexOPhHgwqI2kLRhbhSFg=="
    }
  }
}
