{
  "name": "ifct2017",
  "version": "0.2.1",
  "lockfileVersion": 1,
  "requires": true,
  "dependencies": {
    "@ifct2017/abbreviations": {
      "version": "0.3.1",
      "resolved": "https://registry.npmjs.org/@ifct2017/abbreviations/-/abbreviations-0.3.1.tgz",
      "integrity": "sha512-EbA3lMuO2Q6MZICurHlfsNZ84Gd85KIVFWotqOW8UAFMHxVmmlALEQ1mVTFJU0Q1v4a9N6vLyn5ZK+seSbf7kg==",
      "requires": {
        "sql-extra": "0.1.7"
      }
    },
    "@ifct2017/about": {
      "version": "0.2.1",
      "resolved": "https://registry.npmjs.org/@ifct2017/about/-/about-0.2.1.tgz",
      "integrity": "sha512-xrWbSlODDztzkvW5t8qEm0893nIMaP6Z3GrtqBBxnm9VfhAuLux4FsR5TCTVRl2GtFIYeF4KCE5f0iKOkLU9ww=="
    },
    "@ifct2017/carbohydrates": {
      "version": "0.3.4",
      "resolved": "https://registry.npmjs.org/@ifct2017/carbohydrates/-/carbohydrates-0.3.4.tgz",
      "integrity": "sha512-qSl4pbnQn7eAZ8mgaBF7iltzlvi6LGDAC7Qym4zsqll3WFodMRBOheogzlgd+pBpRfVVgMjTNc11IPqud402Mw==",
      "requires": {
        "lunr": "2.2.1",
        "sql-extra": "0.1.7"
      }
    },
    "@ifct2017/codes": {
      "version": "0.2.9",
      "resolved": "https://registry.npmjs.org/@ifct2017/codes/-/codes-0.2.9.tgz",
      "integrity": "sha512-bAGy+H7r56CbqvnyMEJlQ7Air2IiX9MJn1lpgVOxhe2E5z8llnxAD8fmG/tTYBYp5MPqmOX2UIjScZrMOIOHtg==",
      "requires": {
        "csv-parse": "2.4.0",
        "lunr": "2.2.1",
        "sql-extra": "0.1.7"
      }
    },
    "@ifct2017/columns": {
      "version": "0.3.1",
      "resolved": "https://registry.npmjs.org/@ifct2017/columns/-/columns-0.3.1.tgz",
      "integrity": "sha512-EGn3/nfqoLb4ymCNUakKaOfl4cK5lp9hW47szOAb/sPnvT5Qvn/5ow5rKqyLEn/JS1KMoRJIS+V7n49+EZ2IqA==",
      "requires": {
        "lunr": "2.2.1",
        "sql-extra": "0.1.7"
      }
    },
    "@ifct2017/compositingcentres": {
      "version": "0.3.1",
      "resolved": "https://registry.npmjs.org/@ifct2017/compositingcentres/-/compositingcentres-0.3.1.tgz",
      "integrity": "sha512-3g7o6fk90stkKrwbneYzw5DWyq3sqA7mdmvmS7BgYQeiyoy5C8/eKTBUxU9S+33w7lL7no0D4pIWgx/jlytIqA==",
      "requires": {
        "lunr": "2.2.1",
        "sql-extra": "0.1.7"
      }
    },
    "@ifct2017/compositions": {
      "version": "0.2.18",
      "resolved": "https://registry.npmjs.org/@ifct2017/compositions/-/compositions-0.2.18.tgz",
      "integrity": "sha512-1Ltyk8W5iHtqXQ3PoFQ5pa4YajSp6jQwFmxfGYGDhDwPVKlCoHKbz3iD7fYwq3ap7kXgtwxt2sJDsYrzhP6tUw==",
      "requires": {
        "csv-parse": "2.4.0",
        "lunr": "2.2.1",
        "sql-extra": "0.1.7"
      }
    },
    "@ifct2017/contents": {
      "version": "0.3.1",
      "resolved": "https://registry.npmjs.org/@ifct2017/contents/-/contents-0.3.1.tgz",
      "integrity": "sha512-N3PeNzB1pdiKoHELscf51gwa0bhQzUd98OelcfWrzwQYxdh+ffAuKhdrGEQpDsKqVKHsxS29A/lqV+XKElp2Wg==",
      "requires": {
        "lunr": "2.2.1",
        "sql-extra": "0.1.7"
      }
    },
    "@ifct2017/descriptions": {
      "version": "0.2.9",
      "resolved": "https://registry.npmjs.org/@ifct2017/descriptions/-/descriptions-0.2.9.tgz",
      "integrity": "sha512-esadnDGjR9Ltg0m4aijvvU4XUUJLwhOMtf5gQnnN5FpWbdiIgIiOIHreJW5m/6LAsQGiKsyQUw4NiRyBKSFRig==",
      "requires": {
        "csv-parse": "2.4.0",
        "lunr": "2.2.1",
        "sql-extra": "0.1.7"
      }
    },
    "@ifct2017/energies": {
      "version": "0.3.1",
      "resolved": "https://registry.npmjs.org/@ifct2017/energies/-/energies-0.3.1.tgz",
      "integrity": "sha512-4OSCdpwkEy37U5tPiJbxuY+X1GBi+DQjk81BJf2DGMlHgLo9ixx+d9x+1f2+DCz+tE6MJR9RPY+bzjT8xnlEZQ==",
      "requires": {
        "lunr": "2.2.1",
        "sql-extra": "0.1.7"
      }
    },
    "@ifct2017/frequencydistribution": {
      "version": "0.3.1",
      "resolved": "https://registry.npmjs.org/@ifct2017/frequencydistribution/-/frequencydistribution-0.3.1.tgz",
      "integrity": "sha512-fONRhDXMWdo7rmpDhz90O0DkVmvzymsb8V1Vr+njSWAjg2Qa2DngaZnQknSZnnbipynPb0HedR3xQiwXzjTsiA==",
      "requires": {
        "sql-extra": "0.1.7"
      }
    },
    "@ifct2017/groups": {
      "version": "0.3.2",
      "resolved": "https://registry.npmjs.org/@ifct2017/groups/-/groups-0.3.2.tgz",
      "integrity": "sha512-URZZNkAdX/b1BMfH8bU39hJMMC/z+h8n5MBQFWY7cKrmmxN1dFsmk9NhQAJxE35zMzp6BxopB6GBhP9d9yVKcg==",
      "requires": {
        "lunr": "2.2.1",
        "sql-extra": "0.1.7"
      }
    },
    "@ifct2017/jonesfactors": {
      "version": "0.3.2",
      "resolved": "https://registry.npmjs.org/@ifct2017/jonesfactors/-/jonesfactors-0.3.2.tgz",
      "integrity": "sha512-aib7A1yKErZPaRox+UiHJG8vsqBt0JnJtac4FS7jjTXqUxmhTcDdRo+tbh5G00RzHnbX7GYQdqNisaKToeNWug==",
      "requires": {
        "lunr": "2.2.1",
        "sql-extra": "0.1.7"
      }
    },
    "@ifct2017/languages": {
      "version": "0.3.1",
      "resolved": "https://registry.npmjs.org/@ifct2017/languages/-/languages-0.3.1.tgz",
      "integrity": "sha512-tWMlMcWKs2OY8UGEZcRF2EXicd2ZTq/3N5/XKXV9I6U4eLPpry+YRMOTJLC4a6HQgh2fiu1qvnyDrLv+bBdkew==",
      "requires": {
        "sql-extra": "0.1.7"
      }
    },
    "@ifct2017/methods": {
      "version": "0.3.1",
      "resolved": "https://registry.npmjs.org/@ifct2017/methods/-/methods-0.3.1.tgz",
      "integrity": "sha512-6D4U9YyXAvM9rhgGS+VrybbFZJP9NoWFTdQt3PTtMs2fqdyPI/4hSv3/OjNzQzeoxpzyn5oxNG8MtKcZtW7pMw==",
      "requires": {
        "@ifct2017/columns": "0.2.4",
        "sql-extra": "0.1.7"
      },
      "dependencies": {
        "@ifct2017/columns": {
          "version": "0.2.4",
          "resolved": "https://registry.npmjs.org/@ifct2017/columns/-/columns-0.2.4.tgz",
          "integrity": "sha512-raIIZ1FFML1tn347jhWxsFksL8yp2AWiKcrbu/6dxIa1w4uy/mD34g/hzGj9t+x5JILZ5kCL9HlDh6ZMfihn9A==",
          "requires": {
            "lunr": "2.2.1",
            "sql-extra": "0.1.7"
          }
        }
      }
    },
    "@ifct2017/nutrients": {
      "version": "0.3.1",
      "resolved": "https://registry.npmjs.org/@ifct2017/nutrients/-/nutrients-0.3.1.tgz",
      "integrity": "sha512-L9DnCwjNe7tMhByIiB1gEJisnfIvUgj0zATsI3a3e6wtFy993yBuAmRm/61cYuLWfkqJnMJbgS/XQHg+vBB/XQ==",
      "requires": {
        "@ifct2017/columns": "0.2.4"
      },
      "dependencies": {
        "@ifct2017/columns": {
          "version": "0.2.4",
          "resolved": "https://registry.npmjs.org/@ifct2017/columns/-/columns-0.2.4.tgz",
          "integrity": "sha512-raIIZ1FFML1tn347jhWxsFksL8yp2AWiKcrbu/6dxIa1w4uy/mD34g/hzGj9t+x5JILZ5kCL9HlDh6ZMfihn9A==",
          "requires": {
            "lunr": "2.2.1",
            "sql-extra": "0.1.7"
          }
        }
      }
    },
    "@ifct2017/pictures": {
      "version": "0.2.3",
      "resolved": "https://registry.npmjs.org/@ifct2017/pictures/-/pictures-0.2.3.tgz",
      "integrity": "sha512-ZE5Vjc4F7bldvq70Fv8LX/2ecp0sQYsh5WpuMNm7k2VWXPJ+B6l0GaGPVfkjhSq6PIVjWWQwThabnWJY0YQO/Q=="
    },
    "@ifct2017/regions": {
      "version": "0.3.1",
      "resolved": "https://registry.npmjs.org/@ifct2017/regions/-/regions-0.3.1.tgz",
      "integrity": "sha512-5Sv4UZ9SyRGY0TpffxNbA4HX1az6trBjQNgSvW+T46L4decRRJ2BLQX189Q/4OxiiRRLifQX+5mAEsw+sTu0+Q==",
      "requires": {
        "lunr": "2.2.1",
        "sql-extra": "0.1.7"
      }
    },
    "@ifct2017/samplingunits": {
      "version": "0.3.1",
      "resolved": "https://registry.npmjs.org/@ifct2017/samplingunits/-/samplingunits-0.3.1.tgz",
      "integrity": "sha512-NRobvXWNObup3lwSn0NIr/Pu4p4owzr/ikwKF7BhNqcBfJLKuTO/HQF0NOu8auIEAiVOLgXlYAoyDL4bAX+FRw==",
      "requires": {
        "lunr": "2.2.1",
        "sql-extra": "0.1.7"
      }
    },
    "csv-parse": {
      "version": "2.4.0",
      "resolved": "https://registry.npmjs.org/csv-parse/-/csv-parse-2.4.0.tgz",
      "integrity": "sha512-C/Biz45WWkL7yGvzyD4ONDMaQFHC/nIrSCOh9YCEBLsDQ4JOSDsgp7oyTFvOaMwvI/OVfJ7qLIPcx00Dk/7USw=="
    },
    "lunr": {
      "version": "2.2.1",
      "resolved": "https://registry.npmjs.org/lunr/-/lunr-2.2.1.tgz",
      "integrity": "sha1-YsYpR7+DYZRQ6Uq/JgYfHOO6qkc="
    },
    "sql-extra": {
      "version": "0.1.7",
      "resolved": "https://registry.npmjs.org/sql-extra/-/sql-extra-0.1.7.tgz",
      "integrity": "sha512-jEqVC3SrsgQiopnhZ6U4mTnPpN4Gredz93Exn6SaWi3cTvePw689S5izomz20YZ8owMw/9OeRU8TNBvPZ6X97g=="
    }
  }
}
