{
  "name": "ifct2017",
  "version": "0.1.0",
  "lockfileVersion": 1,
  "requires": true,
  "dependencies": {
    "@ifct2017/abbreviations": {
      "version": "0.2.4",
      "resolved": "https://registry.npmjs.org/@ifct2017/abbreviations/-/abbreviations-0.2.4.tgz",
      "integrity": "sha512-5YrZd1anzvyBFqbZEQsdiMDL7Jyfq5zEpjbDultv2wBmp+CGVcujeORzm+VcljQW3C6kXN94XGAhPc9Q3a7mDQ=="
    },
    "@ifct2017/about": {
      "version": "0.1.2",
      "resolved": "https://registry.npmjs.org/@ifct2017/about/-/about-0.1.2.tgz",
      "integrity": "sha512-ppRD7cEGXC/029lx1D62aLzQux4vVI5m3cGZ/WdEs/4+NL+9Q6NZ0O5dMKZD1hksfHWGHTKTABZiv4ABifOx5A=="
    },
    "@ifct2017/carbohydrates": {
      "version": "0.2.1",
      "resolved": "https://registry.npmjs.org/@ifct2017/carbohydrates/-/carbohydrates-0.2.1.tgz",
      "integrity": "sha512-rEn9q0LYdu26tpXb4J/on87vOGOhq1ZdXIGdQaxz7ji7yWHrv/UYR0pkI6muBfQy2fuIE73YnZmEVB8JT966qg==",
      "requires": {
        "lunr": "2.2.0"
      }
    },
    "@ifct2017/columns": {
      "version": "0.2.1",
      "resolved": "https://registry.npmjs.org/@ifct2017/columns/-/columns-0.2.1.tgz",
      "integrity": "sha512-qUmQkw3pP/b5HHQPUIYi+oDjcjml10bDxe7IRmPnev6HYEHPBMGtK5aCsHcdLns3EA6/Uy9KNUffLdhMDcE0hg==",
      "requires": {
        "lunr": "2.2.0"
      }
    },
    "@ifct2017/compositingcentres": {
      "version": "0.2.1",
      "resolved": "https://registry.npmjs.org/@ifct2017/compositingcentres/-/compositingcentres-0.2.1.tgz",
      "integrity": "sha512-gnnjaPyJVythRDO1qWR1mY3RKvavNHyuzhopPFYgTh7qh+b8veQagaEY+9KobOIdYvp45LnkPpP5jaaHi6EwgA==",
      "requires": {
        "lunr": "2.2.0"
      }
    },
    "@ifct2017/contents": {
      "version": "0.2.1",
      "resolved": "https://registry.npmjs.org/@ifct2017/contents/-/contents-0.2.1.tgz",
      "integrity": "sha512-kMOlezLyUTeQ0658OQhKcqGZ/QcRQd228vKvrt9jfrzS0wmaQFyncfVyUOFjNLLV3Cy+kkUoaZXIDKCJyQEgkA==",
      "requires": {
        "lunr": "2.2.0"
      }
    },
    "@ifct2017/descriptions": {
      "version": "0.2.1",
      "resolved": "https://registry.npmjs.org/@ifct2017/descriptions/-/descriptions-0.2.1.tgz",
      "integrity": "sha512-G5EPQi5sxlwmymHqzkSmaQV7KiwjEw+JSeKw/WjVbOHHDNg6oLrvhoUvYyyomHH58BYWoAIiaiPcXNFz2cWZfQ==",
      "requires": {
        "lunr": "2.2.0"
      }
    },
    "@ifct2017/energies": {
      "version": "0.2.1",
      "resolved": "https://registry.npmjs.org/@ifct2017/energies/-/energies-0.2.1.tgz",
      "integrity": "sha512-3pfMxKU1z4PAAqYGJi/K2ZMRv7NExi7aAUA+9AeOIaJ0l4LbTPWhsiTvEXBhF5KZh2+vvIx245GK3b6je5tIZA==",
      "requires": {
        "lunr": "2.2.0"
      }
    },
    "@ifct2017/frequencydistribution": {
      "version": "0.2.1",
      "resolved": "https://registry.npmjs.org/@ifct2017/frequencydistribution/-/frequencydistribution-0.2.1.tgz",
      "integrity": "sha512-keCXSOW2vNZbRLS1QV3ak1W+fLbTey1jupTrPA2oZJGaYsMDL0S1inU7LFKJXwsZkhVPLfrcC5unIF1iroE4zg=="
    },
    "@ifct2017/groups": {
      "version": "0.2.1",
      "resolved": "https://registry.npmjs.org/@ifct2017/groups/-/groups-0.2.1.tgz",
      "integrity": "sha512-b4NuK6v/M6wuo4tl2xd8jlrI5GAEWE1rOuzGPGRWgtuo0jnTe0majpeQThsYTXgdOBo0ME21LSoaQyH18fp18w==",
      "requires": {
        "lunr": "2.2.0"
      }
    },
    "@ifct2017/jonesfactors": {
      "version": "0.2.1",
      "resolved": "https://registry.npmjs.org/@ifct2017/jonesfactors/-/jonesfactors-0.2.1.tgz",
      "integrity": "sha512-b324pYxqWj3l6B1Z4HRncDt0DfLVxtFH9dJOrjA5BbGJp2ytf7200KhBHCViWCFbCl+SyNxPs+Yy2F8xK3Z4hg==",
      "requires": {
        "lunr": "2.2.0"
      }
    },
    "@ifct2017/languages": {
      "version": "0.2.2",
      "resolved": "https://registry.npmjs.org/@ifct2017/languages/-/languages-0.2.2.tgz",
      "integrity": "sha512-cuppsWhqVV26P0W10ZtEqZo97t8tJUPRwy90N5XsrMUUPn+q42enEB36IPBhl2j5QoqfWTgvCkzafORq1UuJqw=="
    },
    "@ifct2017/methods": {
      "version": "0.2.1",
      "resolved": "https://registry.npmjs.org/@ifct2017/methods/-/methods-0.2.1.tgz",
      "integrity": "sha512-E5HBu512gRGXhnELnnIMV979RNr4sMdiTzJ2mJWxO2T4+RF/mQG1EEB79wQgNeHx8Wh2lp8d2Vfb3pTtGtyvcw==",
      "requires": {
        "@ifct2017/columns": "0.2.1"
      }
    },
    "@ifct2017/nutrients": {
      "version": "0.2.2",
      "resolved": "https://registry.npmjs.org/@ifct2017/nutrients/-/nutrients-0.2.2.tgz",
      "integrity": "sha512-U4uDOGZC+k0l+9A4//osLRzym9i5S7FyZhcHha3GIKXH1wSnMCqL9cssIZ1SjWpkOMvbhlOUWCeAlyX91mKGUA==",
      "requires": {
        "@ifct2017/columns": "0.2.1"
      }
    },
    "@ifct2017/pictures": {
      "version": "0.2.1",
      "resolved": "https://registry.npmjs.org/@ifct2017/pictures/-/pictures-0.2.1.tgz",
      "integrity": "sha512-//VbShes5NUcyHXl0xqqWO/BPNDKectTB5ga6bvzsYE7AdOOUTuYBau0pIqMsj60zUHmxM+Jgu6my5lE/KZj7A=="
    },
    "@ifct2017/regions": {
      "version": "0.2.1",
      "resolved": "https://registry.npmjs.org/@ifct2017/regions/-/regions-0.2.1.tgz",
      "integrity": "sha512-KMeUIagEWBUEq31mgo1htOK7AkVPgLsmTZYIHh0Mo547D4jhHwq0Cj1aPr5EJ2upurBpFhUuqb/FayaoqAj1ng==",
      "requires": {
        "lunr": "2.2.0"
      }
    },
    "@ifct2017/samplingunits": {
      "version": "0.2.1",
      "resolved": "https://registry.npmjs.org/@ifct2017/samplingunits/-/samplingunits-0.2.1.tgz",
      "integrity": "sha512-SPQco3R55tac/h1Tf+mu3FKGfUTaVRRsMH+2jg9KZUaJFeNbzX2Ckey3iNUiPY95Q7qCjxPRKkVl3xgKjzbkEw==",
      "requires": {
        "lunr": "2.2.0"
      }
    },
    "lunr": {
      "version": "2.2.0",
      "resolved": "https://registry.npmjs.org/lunr/-/lunr-2.2.0.tgz",
      "integrity": "sha512-HNuCi0meEZZpfORgJuxmXu5yHkdWrWew9dphUj+ouCbNNT38ud5YXWKVcLo1gSwQcDdKMXn+lRuDiXLfllnnjA=="
    }
  }
}
